<?xml version="1.0" encoding="utf-8"?>
<Project ToolsVersion="4.0" xmlns="http://schemas.microsoft.com/developer/msbuild/2003">
  <ItemGroup>
    <Filter Include="Source Files">
      <UniqueIdentifier>{4FC737F1-C7A5-4376-A066-2A32D752A2FF}</UniqueIdentifier>
      <Extensions>cpp;c;cc;cxx;def;odl;idl;hpj;bat;asm;asmx</Extensions>
    </Filter>
    <Filter Include="Header Files">
      <UniqueIdentifier>{93995380-89BD-4b04-88EB-625FBE52EBFB}</UniqueIdentifier>
      <Extensions>h;hpp;hxx;hm;inl;inc;xsd</Extensions>
    </Filter>
    <Filter Include="Resource Files">
      <UniqueIdentifier>{67DA6AB6-F800-4c08-8B7A-83BB121AAD01}</UniqueIdentifier>
      <Extensions>rc;ico;cur;bmp;dlg;rc2;rct;bin;rgs;gif;jpg;jpeg;jpe;resx;tiff;tif;png;wav;mfcribbon-ms</Extensions>
    </Filter>
  </ItemGroup>
  <ItemGroup>
    <None Include="ReadMe.txt" />
    <None Include="app.ico">
      <Filter>Resource Files</Filter>
    </None>
    <None Include="app.aps" />
    <None Include="glut32.dll" />
    <None Include="LogomojeDC.png">
      <Filter>Resource Files</Filter>
    </None>
  </ItemGroup>
  <ItemGroup>
    <ClCompile Include="OpenGLProjekt.cpp">
      <Filter>Source Files</Filter>
    </ClCompile>
    <ClCompile Include="AssemblyInfo.cpp">
      <Filter>Source Files</Filter>
    </ClCompile>
    <ClCompile Include="stdafx.cpp">
      <Filter>Source Files</Filter>
    </ClCompile>
    <ClCompile Include="1okno.cpp">
      <Filter>Header Files</Filter>
    </ClCompile>
    <ClCompile Include="2okno.cpp">
      <Filter>Header Files</Filter>
    </ClCompile>
    <ClCompile Include="3okno.cpp">
      <Filter>Header Files</Filter>
    </ClCompile>
    <ClCompile Include="4okno.cpp">
      <Filter>Header Files</Filter>
    </ClCompile>
    <ClCompile Include="5okno.cpp">
      <Filter>Header Files</Filter>
    </ClCompile>
    <ClCompile Include="6okno.cpp">
      <Filter>Header Files</Filter>
    </ClCompile>
    <ClCompile Include="7okno.cpp">
      <Filter>Source Files</Filter>
    </ClCompile>
  </ItemGroup>
  <ItemGroup>
    <ClInclude Include="stdafx.h">
      <Filter>Header Files</Filter>
    </ClInclude>
    <ClInclude Include="resource.h">
      <Filter>Header Files</Filter>
    </ClInclude>
    <ClInclude Include="Main.h">
      <Filter>Header Files</Filter>
    </ClInclude>
    <ClInclude Include="1okno.h">
      <Filter>Header Files</Filter>
    </ClInclude>
    <ClInclude Include="2okno.h">
      <Filter>Header Files</Filter>
    </ClInclude>
    <ClInclude Include="3okno.h">
      <Filter>Header Files</Filter>
    </ClInclude>
    <ClInclude Include="4okno.h">
      <Filter>Header Files</Filter>
    </ClInclude>
    <ClInclude Include="5okno.h">
      <Filter>Header Files</Filter>
    </ClInclude>
    <ClInclude Include="6okno.h">
      <Filter>Header Files</Filter>
    </ClInclude>
    <ClInclude Include="7okno.h">
      <Filter>Header Files</Filter>
    </ClInclude>
  </ItemGroup>
  <ItemGroup>
    <ResourceCompile Include="app.rc">
      <Filter>Resource Files</Filter>
    </ResourceCompile>
  </ItemGroup>
  <ItemGroup>
    <EmbeddedResource Include="1okno.resx">
      <Filter>Resource Files</Filter>
    </EmbeddedResource>
    <EmbeddedResource Include="Main.resX">
      <Filter>Resource Files</Filter>
    </EmbeddedResource>
    <EmbeddedResource Include="2okno.resx">
      <Filter>Resource Files</Filter>
    </EmbeddedResource>
    <EmbeddedResource Include="3okno.resx">
      <Filter>Resource Files</Filter>
    </EmbeddedResource>
    <EmbeddedResource Include="4okno.resx">
      <Filter>Resource Files</Filter>
    </EmbeddedResource>
    <EmbeddedResource Include="5okno.resx">
      <Filter>Resource Files</Filter>
    </EmbeddedResource>
    <EmbeddedResource Include="6okno.resx">
      <Filter>Resource Files</Filter>
    </EmbeddedResource>
    <EmbeddedResource Include="7okno.resx">
      <Filter>Header Files</Filter>
    </EmbeddedResource>
  </ItemGroup>
</Project>